buf.build/gen/go/bufbuild/protovalidate/protocolbuffers/go v1.36.12-20260825204119-511051f7f437.2 h1:NbnlmV26O7oZ1iM5tsCI+GEx+3ZSdrhvnKQ/eWSrLiY=
buf.build/gen/go/bufbuild/protovalidate/protocolbuffers/go v1.36.12-20260825204119-511051f7f437.2/go.mod h1:TCt1lluMFnctISJXvkIQ4x3ABrPuUKCWKyjKdkJNBpw=
buf.build/go/protovalidate v1.4.0 h1:UjLrYbt5VX7+TMOs2+pG5FhZhIG1mSfK4EIopbb4LcM=
buf.build/go/protovalidate v1.4.0/go.mod h1:8vJfzNT6NIG2qm3uFsJDXMlRmG+bQJzbcIn1Aa0vPGs=
cel.dev/cel-go v0.32.0 h1:irvpFKr5EuGPyxeME03ERh0rii1TX+BDAnB9eL3IvNk=
cel.dev/cel-go v0.32.0/go.mod h1:DnVip7tpJSsgZymwfT+m1tnEVy3ivAjSMXPx12YrMkU=
cel.dev/expr v0.25.3 h1:A2jO8jwOugrrovveCWfj0KEZOfqiLgAcwjpHPhzIGw0=
cel.dev/expr v0.25.3/go.mod h1:hrXvqGP6G6gyx8UAHSHJ5RGk//1Oj5nXQ2NI02Nrsg4=
github.com/Masterminds/semver v1.5.0 h1:H65muMkzWKEuNDnfl9d70GUjFniHKHRbFPGBuZ3QEww=
github.com/Masterminds/semver v1.5.0/go.mod h1:MB6lktGJrhw8PrUyiEoblNEGEQ+RzHPF078ddwwvV3Y=
github.com/Masterminds/semver/v3 v3.5.0 h1:kQceYJfbupGfZOKZQg0kou0DgAKhzDg2NZPAwZ/2OOE=
github.com/Masterminds/semver/v3 v3.5.0/go.mod h1:4V+yj/TJE1HU9XfppCwVMZq3I84lprf4nC11bSS5beM=
github.com/antlr4-go/antlr/v4 v4.13.1 h1:SqQKkuVZ+zWkMMNkjy5FZe5mr5WURWnlpmOuzYWrPrQ=
github.com/antlr4-go/antlr/v4 v4.13.1/go.mod h1:GKmUxMtwp6ZgGwZSva4eWPC5mS6vUAmOABFgjdkM7Nw=
github.com/codefly-dev/core v0.3.20 h1:PmmtcUmKGQ2XgMEVtHsiylxteTg1QHQqIk9/lF+aExo=
github.com/codefly-dev/core v0.3.20/go.mod h1:4V8BP4F5mnRDZvylhC9P5N7rfifpAma5n3dW4YD+gtQ=
github.com/codefly-dev/core v0.3.32-0.20260915125417-552ee9b9a8c4 h1:f5MOzmaKs54T5XuLxR2ToyMltf4NaJtOYFqmWRhPRFY=
github.com/codefly-dev/core v0.3.32-0.20260915125417-552ee9b9a8c4/go.mod h1:guGVP8tyWEjpUBwdP588jXb/BwADsrzlhx7WtmZSn20=
github.com/codefly-dev/core v0.3.32 h1:zVgGAljUERRjHe5ONhI2uBuQg0eayZzkFSm0murp5NI=
github.com/codefly-dev/core v0.3.32/go.mod h1:f5LY9gRu5lpBQ0tNKujP0q6MF9K8fUnbYvItuHaUWlY=
github.com/codefly-dev/core v0.3.40 h1:/u1OztW9G0q6HZygKR51JurrgwmYJMfYGm1NaI1bR4o=
github.com/codefly-dev/core v0.3.40/go.mod h1:uG0HQy5iWnkuWUPa1LbbiPfEgzuxi1SzEKwcFPC6eoA=
github.com/go-openapi/analysis v1.0.0 h1:sNvbAGCJqUTqIAodr9IVqJMmuZas3YS9ms1dGK9yiJ4=
github.com/go-openapi/analysis v1.0.0/go.mod h1:NhYjJ57fnE+bcE7UwrJyMkhWA3Dfz7TdiBfTVAnos4Y=
github.com/go-openapi/errors v0.22.8 h1:oP7sW7TWc3wFFjrzzj0nI83H2qMBkNjNfSd+XRejk/I=
github.com/go-openapi/errors v0.22.8/go.mod h1:BuUoHcYrU6E7V9gfj1I5wLQqgtIHnup/alXZ8KdgQ0w=
github.com/go-openapi/jsonpointer v1.0.1 h1:2KxywRmNwJkT/FMBa3iRNHEaAxSJvjqoufQZy3au1Mg=
github.com/go-openapi/jsonpointer v1.0.1/go.mod h1:wI7ZYsFmbIi9nBXOZqgDaS/bqOchRGZjqxFli7FBYxY=
github.com/go-openapi/jsonreference v1.0.2 h1:oS4et8FOf3p3UQxEo4Xt0esijmBUM+F259Xl72OSZsc=
github.com/go-openapi/jsonreference v1.0.2/go.mod h1:TbUNSOo+fcorZjFaNoiSDSoaNnnZtqJtLGR1PuvE/Cs=
github.com/go-openapi/loads v0.25.3 h1:V+jKy/thXWdLJUuYC8sZX2dICyAa8M3DokF70jj34P0=
github.com/go-openapi/loads v0.25.3/go.mod h1:LgLyCSOLBL2Qnj0Ps1oo2YH8jZoEKsMeVZCc+ALIxFo=
github.com/go-openapi/spec v1.0.1 h1:lj2vdGpNDcVgwRc6qXdw6qt/KQpCtSa9tnUH6vpDPDk=
github.com/go-openapi/spec v1.0.1/go.mod h1:M//GWQGtDUAjnP37gE6fInLgaczB+FatoipV3H1fYw8=
github.com/go-openapi/strfmt v0.27.2 h1:SG32SlbwNy92s0KJiVxt2joJeFdqIYHvwrA0OU6HqzQ=
github.com/go-openapi/strfmt v0.27.2/go.mod h1:M4CKsMO0Fb8qR10+1Ra75wCKNNquy+Vj+4LWZrhTo2E=
github.com/go-openapi/swag v0.28.0 h1:xkgbOSKj6DZziNpyqRRAOt3GJGtgjgsd2RoyT30VWuw=
github.com/go-openapi/swag/conv v0.29.1 h1:AC4Eh/5c/eUDOUCzzsRC9ghmFgOSBHeRMGIngY0ZUGA=
github.com/go-openapi/swag/conv v0.29.1/go.mod h1:S1X7/ZrBEZOC0Wc8AGxjbcGS92l3WEjA7aPtpl+RaqM=
github.com/go-openapi/swag/jsonutils v0.29.1 h1:AFCxs0eQZ24/QyfhVHM2t49rMz7Vv3XCsZQI6yrNy+c=
github.com/go-openapi/swag/jsonutils v0.29.1/go.mod h1:u3+sCfJpttDpcmS5kpm0yxL6GK0eWgODsx8Yw8fcqNM=
github.com/go-openapi/swag/loading v0.29.1 h1:FCv5fG8UhTdDJa2R7w+5O9Ekpcbw7tt0nFWvmDKGBjc=
github.com/go-openapi/swag/loading v0.29.1/go.mod h1:N0ESuem4p2oedKal8EJhciqnJ9Q9Wmt83L1CRB3Fouw=
github.com/go-openapi/swag/mangling v0.29.1 h1:lHALtvYCdxVnRl4GrHmFPwfBTZYIObqdGNSKyu/8D6I=
github.com/go-openapi/swag/mangling v0.29.1/go.mod h1:SAop9pB7PUjQ/CGCNf/JmCKTRK+GDO+RqE9UHqC/N6s=
github.com/go-openapi/swag/pools v0.29.1 h1:NRogYxdEW9SjRM4mkAOji9iefO4MRXq3p/ZJcoQbUKg=
github.com/go-openapi/swag/pools v0.29.1/go.mod h1:leDcaghjkRAhCuCRv9NfJU5f0mjoU3cT/XZObhMk3pc=
github.com/go-openapi/swag/stringutils v0.29.1 h1:1ykunK7iJQk1uOO7+oUH1ukbsK85fFCOiCFMOVSY+F0=
github.com/go-openapi/swag/stringutils v0.29.1/go.mod h1:7fSqZ+z8Qc0tOfAAK0jVa5qFGrnIlRi6n7NeGGrr1vc=
github.com/go-openapi/swag/typeutils v0.29.1 h1:Nzv9nhnlLCRBPQqfOX+7lB6Guju370or8StT+lIOf6M=
github.com/go-openapi/swag/typeutils v0.29.1/go.mod h1:hxpgDZJVBkBsi/d3MIUosafoFdE5exaQRmVp0zwu3YE=
github.com/go-openapi/swag/yamlutils v0.29.1 h1:69w3tsBajm7MR/fejLy7HD/3J68Ys1SeeZMEzZ3w2sk=
github.com/go-openapi/swag/yamlutils v0.29.1/go.mod h1:rgsp3vT/QdWzKwn43CigDwjOGIenPyTZMKnxEM8jZOA=
github.com/go-viper/mapstructure/v2 v2.5.0 h1:vM5IJoUAy3d7zRSVtIwQgBj7BiWtMPfmPEgAXnvj1Ro=
github.com/go-viper/mapstructure/v2 v2.5.0/go.mod h1:oJDH3BJKyqBA2TXFhDsKDGDTlndYOZ6rGS0BRZIxGhM=
github.com/gofrs/flock v0.13.1 h1:jjREztyBeSKBZYAC+mgc1laB+xsgy4kYMf3FbKF2UBo=
github.com/gofrs/flock v0.13.1/go.mod h1:sf4BFiHwnvgxa25DlQoDqXQnwRMEOwqxRq37P6MzzmE=
github.com/google/go-cmp v0.6.0/go.mod h1:17dUlkBOakJ0+DkrSSNjCkIjxS6bF9zb3elmeNGIjoY=
github.com/google/go-cmp v0.7.0 h1:wk8382ETsv4JYUZwIsn6YpYiWiBsYLSJiTsyBybVuN8=
github.com/google/go-cmp v0.7.0/go.mod h1:pXiqmnSA92OHEEa9HXL2W4E7lf9JzCmGVUdgjX3N/iU=
github.com/google/go-github/v89 v89.0.0 h1:35bEK5XoEcF3PZrlVbl9XN63f5BcJRA/UGkxeC9xPg0=
github.com/google/go-github/v89 v89.0.0/go.mod h1:QLcbU0ipeAqQuR5KSg8c2lql4Qk1EwJ2dWz/0rP4Nho=
github.com/google/go-querystring v1.2.0 h1:yhqkPbu2/OH+V9BfpCVPZkNmUXhb2gBxJArfhIxNtP0=
github.com/google/go-querystring v1.2.0/go.mod h1:8IFJqpSRITyJ8QhQ13bmbeMBDfmeEJZD5A0egEOmkqU=
github.com/google/uuid v1.6.0 h1:NIvaJDMOsjHA8n1jAhLSgzrAzy1Hgr+hNrb57e+94F0=
github.com/google/uuid v1.6.0/go.mod h1:TIyPZe4MgqvfeYDBFedMoGGpEw/LqOeaOT+nhxU+yHo=
github.com/hashicorp/errwrap v1.0.0/go.mod h1:YH+1FKiLXxHSkmPseP+kNlulaMuP3n2brvKWEqk/Jc4=
github.com/hashicorp/errwrap v1.1.0 h1:OxrOeh75EUXMY8TBjag2fzXGZ40LB6IKw45YeGUDY2I=
github.com/hashicorp/errwrap v1.1.0/go.mod h1:YH+1FKiLXxHSkmPseP+kNlulaMuP3n2brvKWEqk/Jc4=
github.com/hashicorp/go-multierror v1.1.1 h1:H5DkEtf6CXdFp0N0Em5UCwQpXMWke8IA0+lD48awMYo=
github.com/hashicorp/go-multierror v1.1.1/go.mod h1:iw975J/qwKPdAO1clOe2L8331t/9/fmwbPZ6JB6eMoM=
github.com/mitchellh/mapstructure v1.5.0 h1:jeMsZIYE/09sWLaz43PL7Gy6RuMjD2eJVyuac5Z2hdY=
github.com/mitchellh/mapstructure v1.5.0/go.mod h1:bFUtVrKA4DC2yAKiSyO/QUcy7e+RRV2QTWOzhPopBRo=
github.com/oklog/ulid/v2 v2.1.2 h1:IEclFb9JNvzYA6MW2SCxbLzcHTVsfqm3PrqGQJH5zec=
github.com/oklog/ulid/v2 v2.1.2/go.mod h1:rcEKHmBBKfef9DhnvX7y1HZBYxjXb0cP5ExxNsTT1QQ=
github.com/pborman/getopt v0.0.0-20170112200414-7148bc3a4c30/go.mod h1:85jBQOZwpVEaDAr341tbn15RS4fCAsIst0qp7i8ex1o=
github.com/pkg/errors v0.9.1 h1:FEBLx1zS214owpjy7qsBeixbURkuhQAwrK5UwLGTwt4=
github.com/pkg/errors v0.9.1/go.mod h1:bwawxfHBFNV+L2hUp1rHADufV3IMtnDRdf1r5NINEl0=
github.com/stretchr/testify v1.12.1 h1:EuwCh5fleGS7H32xRwO3wRGT7DxrDhLAT6FF8MpWDWE=
github.com/stretchr/testify v1.12.1/go.mod h1:MDEgiDPPsNp5cuIrHPPCyornHKgEVbtFUmoNlxoYthg=
github.com/yoheimuta/go-protoparser/v4 v4.14.2 h1:/P/LlX1CF9NaTWEltGcIZVvNlPbhABuAnBtAWpb3+74=
github.com/yoheimuta/go-protoparser/v4 v4.14.2/go.mod h1:AHNNnSWnb0UoL4QgHPiOAg2BniQceFscPI5X/BZNHl8=
go.yaml.in/yaml/v3 v3.0.5 h1:N6y/pJk8buWs9NY5ERU2HSMfm+IuD/OtfdAnq6kESPw=
go.yaml.in/yaml/v3 v3.0.5/go.mod h1:HVTZu1O7/Vkt2N+BFy8Zza+lnLsABggaTM2ZpNIGuKg=
golang.org/x/exp v0.0.0-20260820142414-ca536658362e h1:01Ju2A/fZKkci4zqx0eZxw//DnRYOnBiGJG14hFBhO8=
golang.org/x/exp v0.0.0-20260820142414-ca536658362e/go.mod h1:zeBbvyFKDaLwa7CH/zI8KXt7gTl14SF7sO08Pl5jBCM=
golang.org/x/mod v0.40.0 h1:hUv+3cXcdRHz08UmSiOob7sadHig73uo5bkXxQ/tvUs=
golang.org/x/mod v0.40.0/go.mod h1:0/weTWkPWGBikyTWAX3dkjVztMmBA5hM0DH6BElSupE=
golang.org/x/mod v0.41.0 h1:qJmnOUb4YB+FsEuM3HcWucdZASCPGhsX6uljO6pog0c=
golang.org/x/mod v0.41.0/go.mod h1:Ek9pY8RKWXwsWvd3rQiHYtMqkjSUV+s1Rj7j4H5Ur6o=
golang.org/x/net v0.59.0 h1:5zfYln+w5XCxwrnMMJPufRgNoXEaGxl0wo5GqPXyues=
golang.org/x/net v0.59.0/go.mod h1:2DA/G1UfVbCpQPeWTmMPGY7Cs2PkBkwu743bVX5PIVg=
golang.org/x/sync v0.22.0 h1:SZjpbeLmrCk4xhRSZFNZW5gFUeCeFgjekvI/+gfScek=
golang.org/x/sync v0.22.0/go.mod h1:9xrNwdLfx4jkKbNva9FpL6vEN7evnE43NNNJQ2LF3+0=
golang.org/x/sync v0.23.0 h1:KameEIfc1IkluZyXWLn39Wd4tURc6GbCiISGiZm2bQk=
golang.org/x/sync v0.23.0/go.mod h1:sUUOizhqBxiL6pEWpqNLUiaJn1ShEbZ6BBqskPbjZm0=
golang.org/x/sys v0.47.0 h1:o7XGOvZQCADBQQ4Y7VNq2dRWQR7JmOUW8Kxx4ZsNgWs=
golang.org/x/sys v0.47.0/go.mod h1:4GL1E5IUh+htKOUEOaiffhrAeqysfVGipDYzABqnCmw=
golang.org/x/sys v0.48.0 h1:bbX/i/6MgT9BVLM9RT1thmxL04yeTAhbEz4SyadbXoo=
golang.org/x/sys v0.48.0/go.mod h1:hNLxWAXmnKAxqDtdwIYC4bM9oQPEecfsnNMuSxOs3og=
golang.org/x/term v0.45.0 h1:NwWyBmoJCbfTHpxrWoZ9C6/VxOf7ic219I8xZZFdrf0=
golang.org/x/term v0.45.0/go.mod h1:9aqxs0blBcrm/n0L9QW0aRVD+ktan8ssZromtqJC43w=
golang.org/x/term v0.46.0 h1:3+OXuTbaKDgwk8jTi3aSLHRlmWqHEUDUtxnbFigO4YE=
golang.org/x/term v0.46.0/go.mod h1:+K02xbkittuwc0Am4abfA3Fc+XRGXkvBXNO88NCXPoc=
golang.org/x/text v0.41.0 h1:vz/seA0lnX87Othu2f/0L24RcgrXD9/YFTSuGjj3rH8=
golang.org/x/text v0.41.0/go.mod h1:jvf1O8ajNzZqhSrQBPbutR/EB83Cc0CFrezNQIwbb5M=
golang.org/x/text v0.42.0 h1:JbOZXgfeCPU9gacVtYliJqOhD+zhrEqK4LfdpmlUZqI=
golang.org/x/text v0.42.0/go.mod h1:ojzP1Z+2QtioaF8DTtO8K5q7JWVVYwZKenzujK0Zd0E=
golang.org/x/tools v0.49.0 h1:3NI7VXzL9+1WZD52Dx2ttoPwD5DWrFGpl9mFZDlmisI=
golang.org/x/tools v0.49.0/go.mod h1:SJNXV9DBKT0UbdttsQjbfJlAE/q+y36++zo3uL3N0Oo=
google.golang.org/genproto/googleapis/api v0.0.0-20260819154853-08b0e4226688 h1:ax2KzoSRIZU/M0cIxri3pKxy99vniH1PVxWC6si/eZI=
google.golang.org/genproto/googleapis/api v0.0.0-20260819154853-08b0e4226688/go.mod h1:1RJ9BQGyNdZwkGc1eTqkErfRZ6RJyYPHZo73BZ1vQqI=
google.golang.org/genproto/googleapis/rpc v0.0.0-20260825221802-da73d73af1c5 h1:1VUiZAXyC+zmiFYi+WLtBzr68Cj8wOofHjjrA/kkizc=
google.golang.org/genproto/googleapis/rpc v0.0.0-20260825221802-da73d73af1c5/go.mod h1:DjtHYE8FKJLivXcBEjGwndXfIC23G0VpXiXKqG179uA=
google.golang.org/grpc v1.83.2 h1:EManeRomTObA0BU7I8vXgg/78uE5MJ9M8B39EX2WscU=
google.golang.org/grpc v1.83.2/go.mod h1:YPI1hK3kDked6iHvgX3tR0y+nX/qpMFKhPgFsokw1S8=
google.golang.org/protobuf v1.36.12 h1:pJOKDDOyeXErUroCihFAd5LQuwXBSpVnKGrj5o/fwxc=
google.golang.org/protobuf v1.36.12/go.mod h1:HTf+CrKn2C3g5S8VImy6tdcUvCska2kB7j23XfzDpco=
gopkg.in/check.v1 v0.0.0-20161208181325-20d25e280405 h1:yhCVgyC4o1eVCa2tZl7eS0r+SDo693bJlVdllGtEeKM=
gopkg.in/check.v1 v0.0.0-20161208181325-20d25e280405/go.mod h1:Co6ibVJAznAaIkqp8huTwlJQCZ016jof/cbN4VW5Yz0=
gopkg.in/yaml.v3 v3.0.1 h1:fxVm/GzAzEWqLHuvctI91KS9hhNmmWOoWu0XTYJS7CA=
gopkg.in/yaml.v3 v3.0.1/go.mod h1:K4uyk7z7BCEPqu6E+C64Yfv1cQ7kz7rIZviUmN+EgEM=
