buf.build/gen/go/bufbuild/protovalidate/protocolbuffers/go v1.36.11-20260415201107-50325440f8f2.1 h1:s6hzCXtND/ICdGPTMGk7C+/BFlr2Jg5GyH0NKf4XGXg=
buf.build/gen/go/bufbuild/protovalidate/protocolbuffers/go v1.36.11-20260415201107-50325440f8f2.1/go.mod h1:tvtbpgaVXZX4g6Pn+AnzFycuRK3MOz5HJfEGeEllXYM=
github.com/codefly-dev/core v0.3.11 h1:FPYNQ3MysUeuZmXISBl7G2PEkzijE0wBWen2sF8pqMc=
github.com/codefly-dev/core v0.3.11/go.mod h1:4V8BP4F5mnRDZvylhC9P5N7rfifpAma5n3dW4YD+gtQ=
github.com/google/go-cmp v0.7.0 h1:wk8382ETsv4JYUZwIsn6YpYiWiBsYLSJiTsyBybVuN8=
github.com/google/go-cmp v0.7.0/go.mod h1:pXiqmnSA92OHEEa9HXL2W4E7lf9JzCmGVUdgjX3N/iU=
google.golang.org/genproto/googleapis/rpc v0.0.0-20260420184626-e10c466a9529 h1:XF8+t6QQiS0o9ArVan/HW8Q7cycNPGsJf6GA2nXxYAg=
google.golang.org/genproto/googleapis/rpc v0.0.0-20260420184626-e10c466a9529/go.mod h1:4Hqkh8ycfw05ld/3BWL7rJOSfebL2Q+DVDeRgYgxUU8=
google.golang.org/protobuf v1.36.12 h1:pJOKDDOyeXErUroCihFAd5LQuwXBSpVnKGrj5o/fwxc=
google.golang.org/protobuf v1.36.12/go.mod h1:HTf+CrKn2C3g5S8VImy6tdcUvCska2kB7j23XfzDpco=
